
Microsoft Visual Studio Solution File, Format Version 12.00
# Visual Studio Version 17
VisualStudioVersion = 17.7.33913.275
MinimumVisualStudioVersion = 10.0.40219.1
Project("{9A19103F-16F7-4668-BE54-9A1E7A4F7556}") = "eShopSolution", "eShopSolution\eShopSolution.csproj", "{8EA84D21-E865-4160-B49B-86C354374396}"
EndProject
Project("{2150E333-8FDC-42A3-9474-1A3956D46DE8}") = "Solution Items", "Solution Items", "{A6F9B45F-4741-4916-A608-77FB9F9C8C22}"
	ProjectSection(SolutionItems) = preProject
		README.md = README.md
	EndProjectSection
EndProject
Project("{FAE04EC0-301F-11D3-BF4B-00C04F79EFBC}") = "eShopSolution.Data", "eShopSolution.Data\eShopSolution.Data.csproj", "{C41FF5CC-8359-414D-BC67-F4D303E491C9}"
EndProject
Project("{FAE04EC0-301F-11D3-BF4B-00C04F79EFBC}") = "eShopSolution.Application", "eShopSolution.Application\eShopSolution.Application.csproj", "{5A562771-BEB4-42E5-BE1E-4ADD984D339F}"
EndProject
Project("{FAE04EC0-301F-11D3-BF4B-00C04F79EFBC}") = "eShopSolution.ViewModels", "eShopSolution.ViewModels\eShopSolution.ViewModels.csproj", "{773B0FEC-D438-4670-8AE1-1B6C6174B00D}"
EndProject
Project("{FAE04EC0-301F-11D3-BF4B-00C04F79EFBC}") = "eShopSolution.Utilities", "eShopSolution.Utilities\eShopSolution.Utilities.csproj", "{586587CB-ED2F-4CFA-8F15-DB6A2716B28C}"
EndProject
Global
	GlobalSection(SolutionConfigurationPlatforms) = preSolution
		Debug|Any CPU = Debug|Any CPU
		Release|Any CPU = Release|Any CPU
	EndGlobalSection
	GlobalSection(ProjectConfigurationPlatforms) = postSolution
		{8EA84D21-E865-4160-B49B-86C354374396}.Debug|Any CPU.ActiveCfg = Debug|Any CPU
		{8EA84D21-E865-4160-B49B-86C354374396}.Debug|Any CPU.Build.0 = Debug|Any CPU
		{8EA84D21-E865-4160-B49B-86C354374396}.Release|Any CPU.ActiveCfg = Release|Any CPU
		{8EA84D21-E865-4160-B49B-86C354374396}.Release|Any CPU.Build.0 = Release|Any CPU
		{C41FF5CC-8359-414D-BC67-F4D303E491C9}.Debug|Any CPU.ActiveCfg = Debug|Any CPU
		{C41FF5CC-8359-414D-BC67-F4D303E491C9}.Debug|Any CPU.Build.0 = Debug|Any CPU
		{C41FF5CC-8359-414D-BC67-F4D303E491C9}.Release|Any CPU.ActiveCfg = Release|Any CPU
		{C41FF5CC-8359-414D-BC67-F4D303E491C9}.Release|Any CPU.Build.0 = Release|Any CPU
		{5A562771-BEB4-42E5-BE1E-4ADD984D339F}.Debug|Any CPU.ActiveCfg = Debug|Any CPU
		{5A562771-BEB4-42E5-BE1E-4ADD984D339F}.Debug|Any CPU.Build.0 = Debug|Any CPU
		{5A562771-BEB4-42E5-BE1E-4ADD984D339F}.Release|Any CPU.ActiveCfg = Release|Any CPU
		{5A562771-BEB4-42E5-BE1E-4ADD984D339F}.Release|Any CPU.Build.0 = Release|Any CPU
		{773B0FEC-D438-4670-8AE1-1B6C6174B00D}.Debug|Any CPU.ActiveCfg = Debug|Any CPU
		{773B0FEC-D438-4670-8AE1-1B6C6174B00D}.Debug|Any CPU.Build.0 = Debug|Any CPU
		{773B0FEC-D438-4670-8AE1-1B6C6174B00D}.Release|Any CPU.ActiveCfg = Release|Any CPU
		{773B0FEC-D438-4670-8AE1-1B6C6174B00D}.Release|Any CPU.Build.0 = Release|Any CPU
		{586587CB-ED2F-4CFA-8F15-DB6A2716B28C}.Debug|Any CPU.ActiveCfg = Debug|Any CPU
		{586587CB-ED2F-4CFA-8F15-DB6A2716B28C}.Debug|Any CPU.Build.0 = Debug|Any CPU
		{586587CB-ED2F-4CFA-8F15-DB6A2716B28C}.Release|Any CPU.ActiveCfg = Release|Any CPU
		{586587CB-ED2F-4CFA-8F15-DB6A2716B28C}.Release|Any CPU.Build.0 = Release|Any CPU
	EndGlobalSection
	GlobalSection(SolutionProperties) = preSolution
		HideSolutionNode = FALSE
	EndGlobalSection
	GlobalSection(ExtensibilityGlobals) = postSolution
		SolutionGuid = {7EB0371C-59A0-4462-8897-4463F8C8F66F}
	EndGlobalSection
EndGlobal
